
Microsoft Visual Studio Solution File, Format Version 12.00
# Visual Studio 2012
Project("{FAE04EC0-301F-11D3-BF4B-00C04F79EFBC}") = "CodingHard", "CodingHard\CodingHard.csproj", "{490ADFB0-9D10-436A-98FB-138C33EACCF2}"
EndProject
Project("{FAE04EC0-301F-11D3-BF4B-00C04F79EFBC}") = "CodingHard.iOS", "iOS\CodingHard.iOS.csproj", "{C371AEED-6044-485F-A9C2-1A7F260DD7FB}"
EndProject
Project("{FAE04EC0-301F-11D3-BF4B-00C04F79EFBC}") = "CodingHard.Droid", "Droid\CodingHard.Droid.csproj", "{72B8EFD0-E7D2-49BB-A271-9E2B5279FAEB}"
EndProject
Global
	GlobalSection(SolutionConfigurationPlatforms) = preSolution
		Debug|Any CPU = Debug|Any CPU
		Release|Any CPU = Release|Any CPU
		Debug|iPhoneSimulator = Debug|iPhoneSimulator
		Release|iPhone = Release|iPhone
		Release|iPhoneSimulator = Release|iPhoneSimulator
		Debug|iPhone = Debug|iPhone
	EndGlobalSection
	GlobalSection(ProjectConfigurationPlatforms) = postSolution
		{490ADFB0-9D10-436A-98FB-138C33EACCF2}.Debug|Any CPU.ActiveCfg = Debug|Any CPU
		{490ADFB0-9D10-436A-98FB-138C33EACCF2}.Debug|Any CPU.Build.0 = Debug|Any CPU
		{490ADFB0-9D10-436A-98FB-138C33EACCF2}.Release|Any CPU.ActiveCfg = Release|Any CPU
		{490ADFB0-9D10-436A-98FB-138C33EACCF2}.Release|Any CPU.Build.0 = Release|Any CPU
		{490ADFB0-9D10-436A-98FB-138C33EACCF2}.Debug|iPhoneSimulator.ActiveCfg = Debug|Any CPU
		{490ADFB0-9D10-436A-98FB-138C33EACCF2}.Debug|iPhoneSimulator.Build.0 = Debug|Any CPU
		{490ADFB0-9D10-436A-98FB-138C33EACCF2}.Release|iPhone.ActiveCfg = Release|Any CPU
		{490ADFB0-9D10-436A-98FB-138C33EACCF2}.Release|iPhone.Build.0 = Release|Any CPU
		{490ADFB0-9D10-436A-98FB-138C33EACCF2}.Release|iPhoneSimulator.ActiveCfg = Release|Any CPU
		{490ADFB0-9D10-436A-98FB-138C33EACCF2}.Release|iPhoneSimulator.Build.0 = Release|Any CPU
		{490ADFB0-9D10-436A-98FB-138C33EACCF2}.Debug|iPhone.ActiveCfg = Debug|Any CPU
		{490ADFB0-9D10-436A-98FB-138C33EACCF2}.Debug|iPhone.Build.0 = Debug|Any CPU
		{C371AEED-6044-485F-A9C2-1A7F260DD7FB}.Debug|Any CPU.ActiveCfg = Debug|iPhoneSimulator
		{C371AEED-6044-485F-A9C2-1A7F260DD7FB}.Debug|Any CPU.Build.0 = Debug|iPhoneSimulator
		{C371AEED-6044-485F-A9C2-1A7F260DD7FB}.Release|Any CPU.ActiveCfg = Debug|iPhoneSimulator
		{C371AEED-6044-485F-A9C2-1A7F260DD7FB}.Release|Any CPU.Build.0 = Debug|iPhoneSimulator
		{C371AEED-6044-485F-A9C2-1A7F260DD7FB}.Debug|iPhoneSimulator.ActiveCfg = Debug|iPhoneSimulator
		{C371AEED-6044-485F-A9C2-1A7F260DD7FB}.Debug|iPhoneSimulator.Build.0 = Debug|iPhoneSimulator
		{C371AEED-6044-485F-A9C2-1A7F260DD7FB}.Release|iPhone.ActiveCfg = Release|iPhone
		{C371AEED-6044-485F-A9C2-1A7F260DD7FB}.Release|iPhone.Build.0 = Release|iPhone
		{C371AEED-6044-485F-A9C2-1A7F260DD7FB}.Release|iPhoneSimulator.ActiveCfg = Release|iPhoneSimulator
		{C371AEED-6044-485F-A9C2-1A7F260DD7FB}.Release|iPhoneSimulator.Build.0 = Release|iPhoneSimulator
		{C371AEED-6044-485F-A9C2-1A7F260DD7FB}.Debug|iPhone.ActiveCfg = Debug|iPhone
		{C371AEED-6044-485F-A9C2-1A7F260DD7FB}.Debug|iPhone.Build.0 = Debug|iPhone
		{72B8EFD0-E7D2-49BB-A271-9E2B5279FAEB}.Debug|Any CPU.ActiveCfg = Debug|Any CPU
		{72B8EFD0-E7D2-49BB-A271-9E2B5279FAEB}.Debug|Any CPU.Build.0 = Debug|Any CPU
		{72B8EFD0-E7D2-49BB-A271-9E2B5279FAEB}.Release|Any CPU.ActiveCfg = Release|Any CPU
		{72B8EFD0-E7D2-49BB-A271-9E2B5279FAEB}.Release|Any CPU.Build.0 = Release|Any CPU
		{72B8EFD0-E7D2-49BB-A271-9E2B5279FAEB}.Debug|iPhoneSimulator.ActiveCfg = Debug|Any CPU
		{72B8EFD0-E7D2-49BB-A271-9E2B5279FAEB}.Debug|iPhoneSimulator.Build.0 = Debug|Any CPU
		{72B8EFD0-E7D2-49BB-A271-9E2B5279FAEB}.Release|iPhone.ActiveCfg = Release|Any CPU
		{72B8EFD0-E7D2-49BB-A271-9E2B5279FAEB}.Release|iPhone.Build.0 = Release|Any CPU
		{72B8EFD0-E7D2-49BB-A271-9E2B5279FAEB}.Release|iPhoneSimulator.ActiveCfg = Release|Any CPU
		{72B8EFD0-E7D2-49BB-A271-9E2B5279FAEB}.Release|iPhoneSimulator.Build.0 = Release|Any CPU
		{72B8EFD0-E7D2-49BB-A271-9E2B5279FAEB}.Debug|iPhone.ActiveCfg = Debug|Any CPU
		{72B8EFD0-E7D2-49BB-A271-9E2B5279FAEB}.Debug|iPhone.Build.0 = Debug|Any CPU
	EndGlobalSection
EndGlobal
